// !$*UTF8*$!
{
	archiveVersion = 1;
	classes = {
	};
	objectVersion = 50;
	objects = {

/* Begin PBXBuildFile section */
		746725D025AC8BBF0021AFEA /* AppDelegate.swift in Sources */ = {isa = PBXBuildFile; fileRef = 746725CF25AC8BBF0021AFEA /* AppDelegate.swift */; };
		746725D225AC8BBF0021AFEA /* SceneDelegate.swift in Sources */ = {isa = PBXBuildFile; fileRef = 746725D125AC8BBF0021AFEA /* SceneDelegate.swift */; };
		746725D425AC8BBF0021AFEA /* ViewController.swift in Sources */ = {isa = PBXBuildFile; fileRef = 746725D325AC8BBF0021AFEA /* ViewController.swift */; };
		746725D725AC8BBF0021AFEA /* Main.storyboard in Resources */ = {isa = PBXBuildFile; fileRef = 746725D525AC8BBF0021AFEA /* Main.storyboard */; };
		746725D925AC8BC50021AFEA /* Assets.xcassets in Resources */ = {isa = PBXBuildFile; fileRef = 746725D825AC8BC50021AFEA /* Assets.xcassets */; };
		746725DC25AC8BC50021AFEA /* LaunchScreen.storyboard in Resources */ = {isa = PBXBuildFile; fileRef = 746725DA25AC8BC50021AFEA /* LaunchScreen.storyboard */; };
/* End PBXBuildFile section */

/* Begin PBXFileReference section */
		746725CC25AC8BBF0021AFEA /* AutoCapture.app */ = {isa = PBXFileReference; explicitFileType = wrapper.application; includeInIndex = 0; path = AutoCapture.app; sourceTree = BUILT_PRODUCTS_DIR; };
		746725CF25AC8BBF0021AFEA /* AppDelegate.swift */ = {isa = PBXFileReference; lastKnownFileType = sourcecode.swift; path = AppDelegate.swift; sourceTree = "<group>"; };
		746725D125AC8BBF0021AFEA /* SceneDelegate.swift */ = {isa = PBXFileReference; lastKnownFileType = sourcecode.swift; path = SceneDelegate.swift; sourceTree = "<group>"; };
		746725D325AC8BBF0021AFEA /* ViewController.swift */ = {isa = PBXFileReference; lastKnownFileType = sourcecode.swift; path = ViewController.swift; sourceTree = "<group>"; };
		746725D625AC8BBF0021AFEA /* Base */ = {isa = PBXFileReference; lastKnownFileType = file.storyboard; name = Base; path = Base.lproj/Main.storyboard; sourceTree = "<group>"; };
		746725D825AC8BC50021AFEA /* Assets.xcassets */ = {isa = PBXFileReference; lastKnownFileType = folder.assetcatalog; path = Assets.xcassets; sourceTree = "<group>"; };
		746725DB25AC8BC50021AFEA /* Base */ = {isa = PBXFileReference; lastKnownFileType = file.storyboard; name = Base; path = Base.lproj/LaunchScreen.storyboard; sourceTree = "<group>"; };
		746725DD25AC8BC50021AFEA /* Info.plist */ = {isa = PBXFileReference; lastKnownFileType = text.plist.xml; path = Info.plist; sourceTree = "<group>"; };
/* End PBXFileReference section */

/* Begin PBXFrameworksBuildPhase section */
		746725C925AC8BBF0021AFEA /* Frameworks */ = {
			isa = PBXFrameworksBuildPhase;
			buildActionMask = 2147483647;
			files = (
			);
			runOnlyForDeploymentPostprocessing = 0;
		};
/* End PBXFrameworksBuildPhase section */

/* Begin PBXGroup section */
		746725C325AC8BBF0021AFEA = {
			isa = PBXGroup;
			children = (
				746725CE25AC8BBF0021AFEA /* AutoCapture */,
				746725CD25AC8BBF0021AFEA /* Products */,
			);
			sourceTree = "<group>";
		};
		746725CD25AC8BBF0021AFEA /* Products */ = {
			isa = PBXGroup;
			children = (
				746725CC25AC8BBF0021AFEA /* AutoCapture.app */,
			);
			name = Products;
			sourceTree = "<group>";
		};
		746725CE25AC8BBF0021AFEA /* AutoCapture */ = {
			isa = PBXGroup;
			children = (
				746725CF25AC8BBF0021AFEA /* AppDelegate.swift */,
				746725D125AC8BBF0021AFEA /* SceneDelegate.swift */,
				746725D325AC8BBF0021AFEA /* ViewController.swift */,
				746725D525AC8BBF0021AFEA /* Main.storyboard */,
				746725D825AC8BC50021AFEA /* Assets.xcassets */,
				746725DA25AC8BC50021AFEA /* LaunchScreen.storyboard */,
				746725DD25AC8BC50021AFEA /* Info.plist */,
			);
			path = AutoCapture;
			sourceTree = "<group>";
		};
/* End PBXGroup section */

/* Begin PBXNativeTarget section */
		746725CB25AC8BBF0021AFEA /* AutoCapture */ = {
			isa = PBXNativeTarget;
			buildConfigurationList = 746725E025AC8BC50021AFEA /* Build configuration list for PBXNativeTarget "AutoCapture" */;
			buildPhases = (
				746725C825AC8BBF0021AFEA /* Sources */,
				746725C925AC8BBF0021AFEA /* Frameworks */,
				746725CA25AC8BBF0021AFEA /* Resources */,
			);
			buildRules = (
			);
			dependencies = (
			);
			name = AutoCapture;
			productName = AutoCapture;
			productReference = 746725CC25AC8BBF0021AFEA /* AutoCapture.app */;
			productType = "com.apple.product-type.application";
		};
/* End PBXNativeTarget section */

/* Begin PBXProject section */
		746725C425AC8BBF0021AFEA /* Project object */ = {
			isa = PBXProject;
			attributes = {
				LastSwiftUpdateCheck = 1230;
				LastUpgradeCheck = 1230;
				TargetAttributes = {
					746725CB25AC8BBF0021AFEA = {
						CreatedOnToolsVersion = 12.3;
					};
				};
			};
			buildConfigurationList = 746725C725AC8BBF0021AFEA /* Build configuration list for PBXProject "AutoCapture" */;
			compatibilityVersion = "Xcode 9.3";
			developmentRegion = en;
			hasScannedForEncodings = 0;
			knownRegions = (
				en,
				Base,
			);
			mainGroup = 746725C325AC8BBF0021AFEA;
			productRefGroup = 746725CD25AC8BBF0021AFEA /* Products */;
			projectDirPath = "";
			projectRoot = "";
			targets = (
				746725CB25AC8BBF0021AFEA /* AutoCapture */,
			);
		};
/* End PBXProject section */

/* Begin PBXResourcesBuildPhase section */
		746725CA25AC8BBF0021AFEA /* Resources */ = {
			isa = PBXResourcesBuildPhase;
			buildActionMask = 2147483647;
			files = (
				746725DC25AC8BC50021AFEA /* LaunchScreen.storyboard in Resources */,
				746725D925AC8BC50021AFEA /* Assets.xcassets in Resources */,
				746725D725AC8BBF0021AFEA /* Main.storyboard in Resources */,
			);
			runOnlyForDeploymentPostprocessing = 0;
		};
/* End PBXResourcesBuildPhase section */

/* Begin PBXSourcesBuildPhase section */
		746725C825AC8BBF0021AFEA /* Sources */ = {
			isa = PBXSourcesBuildPhase;
			buildActionMask = 2147483647;
			files = (
				746725D425AC8BBF0021AFEA /* ViewController.swift in Sources */,
				746725D025AC8BBF0021AFEA /* AppDelegate.swift in Sources */,
				746725D225AC8BBF0021AFEA /* SceneDelegate.swift in Sources */,
			);
			runOnlyForDeploymentPostprocessing = 0;
		};
/* End PBXSourcesBuildPhase section */

/* Begin PBXVariantGroup section */
		746725D525AC8BBF0021AFEA /* Main.storyboard */ = {
			isa = PBXVariantGroup;
			children = (
				746725D625AC8BBF0021AFEA /* Base */,
			);
			name = Main.storyboard;
			sourceTree = "<group>";
		};
		746725DA25AC8BC50021AFEA /* LaunchScreen.storyboard */ = {
			isa = PBXVariantGroup;
			children = (
				746725DB25AC8BC50021AFEA /* Base */,
			);
			name = LaunchScreen.storyboard;
			sourceTree = "<group>";
		};
/* End PBXVariantGroup section */

/* Begin XCBuildConfiguration section */
		746725DE25AC8BC50021AFEA /* Debug */ = {
			isa = XCBuildConfiguration;
			buildSettings = {
				ALWAYS_SEARCH_USER_PATHS = NO;
				CLANG_ANALYZER_NONNULL = YES;
				CLANG_ANALYZER_NUMBER_OBJECT_CONVERSION = YES_AGGRESSIVE;
				CLANG_CXX_LANGUAGE_STANDARD = "gnu++14";
				CLANG_CXX_LIBRARY = "libc++";
				CLANG_ENABLE_MODULES = YES;
				CLANG_ENABLE_OBJC_ARC = YES;
				CLANG_ENABLE_OBJC_WEAK = YES;
				CLANG_WARN_BLOCK_CAPTURE_AUTORELEASING = YES;
				CLANG_WARN_BOOL_CONVERSION = YES;
				CLANG_WARN_COMMA = YES;
				CLANG_WARN_CONSTANT_CONVERSION = YES;
				CLANG_WARN_DEPRECATED_OBJC_IMPLEMENTATIONS = YES;
				CLANG_WARN_DIRECT_OBJC_ISA_USAGE = YES_ERROR;
				CLANG_WARN_DOCUMENTATION_COMMENTS = YES;
				CLANG_WARN_EMPTY_BODY = YES;
				CLANG_WARN_ENUM_CONVERSION = YES;
				CLANG_WARN_INFINITE_RECURSION = YES;
				CLANG_WARN_INT_CONVERSION = YES;
				CLANG_WARN_NON_LITERAL_NULL_CONVERSION = YES;
				CLANG_WARN_OBJC_IMPLICIT_RETAIN_SELF = YES;
				CLANG_WARN_OBJC_LITERAL_CONVERSION = YES;
				CLANG_WARN_OBJC_ROOT_CLASS = YES_ERROR;
				CLANG_WARN_QUOTED_INCLUDE_IN_FRAMEWORK_HEADER = YES;
				CLANG_WARN_RANGE_LOOP_ANALYSIS = YES;
				CLANG_WARN_STRICT_PROTOTYPES = YES;
				CLANG_WARN_SUSPICIOUS_MOVE = YES;
				CLANG_WARN_UNGUARDED_AVAILABILITY = YES_AGGRESSIVE;
				CLANG_WARN_UNREACHABLE_CODE = YES;
				CLANG_WARN__DUPLICATE_METHOD_MATCH = YES;
				COPY_PHASE_STRIP = NO;
				DEBUG_INFORMATION_FORMAT = dwarf;
				ENABLE_STRICT_OBJC_MSGSEND = YES;
				ENABLE_TESTABILITY = YES;
				GCC_C_LANGUAGE_STANDARD = gnu11;
				GCC_DYNAMIC_NO_PIC = NO;
				GCC_NO_COMMON_BLOCKS = YES;
				GCC_OPTIMIZATION_LEVEL = 0;
				GCC_PREPROCESSOR_DEFINITIONS = (
					"DEBUG=1",
					"$(inherited)",
				);
				GCC_WARN_64_TO_32_BIT_CONVERSION = YES;
				GCC_WARN_ABOUT_RETURN_TYPE = YES_ERROR;
				GCC_WARN_UNDECLARED_SELECTOR = YES;
				GCC_WARN_UNINITIALIZED_AUTOS = YES_AGGRESSIVE;
				GCC_WARN_UNUSED_FUNCTION = YES;
				GCC_WARN_UNUSED_VARIABLE = YES;
				IPHONEOS_DEPLOYMENT_TARGET = 14.3;
				MTL_ENABLE_DEBUG_INFO = INCLUDE_SOURCE;
				MTL_FAST_MATH = YES;
				ONLY_ACTIVE_ARCH = YES;
				SDKROOT = iphoneos;
				SWIFT_ACTIVE_COMPILATION_CONDITIONS = DEBUG;
				SWIFT_OPTIMIZATION_LEVEL = "-Onone";
			};
			name = Debug;
		};
		746725DF25AC8BC50021AFEA /* Release */ = {
			isa = XCBuildConfiguration;
			buildSettings = {
				ALWAYS_SEARCH_USER_PATHS = NO;
				CLANG_ANALYZER_NONNULL = YES;
				CLANG_ANALYZER_NUMBER_OBJECT_CONVERSION = YES_AGGRESSIVE;
				CLANG_CXX_LANGUAGE_STANDARD = "gnu++14";
				CLANG_CXX_LIBRARY = "libc++";
				CLANG_ENABLE_MODULES = YES;
				CLANG_ENABLE_OBJC_ARC = YES;
				CLANG_ENABLE_OBJC_WEAK = YES;
				CLANG_WARN_BLOCK_CAPTURE_AUTORELEASING = YES;
				CLANG_WARN_BOOL_CONVERSION = YES;
				CLANG_WARN_COMMA = YES;
				CLANG_WARN_CONSTANT_CONVERSION = YES;
				CLANG_WARN_DEPRECATED_OBJC_IMPLEMENTATIONS = YES;
				CLANG_WARN_DIRECT_OBJC_ISA_USAGE = YES_ERROR;
				CLANG_WARN_DOCUMENTATION_COMMENTS = YES;
				CLANG_WARN_EMPTY_BODY = YES;
				CLANG_WARN_ENUM_CONVERSION = YES;
				CLANG_WARN_INFINITE_RECURSION = YES;
				CLANG_WARN_INT_CONVERSION = YES;
				CLANG_WARN_NON_LITERAL_NULL_CONVERSION = YES;
				CLANG_WARN_OBJC_IMPLICIT_RETAIN_SELF = YES;
				CLANG_WARN_OBJC_LITERAL_CONVERSION = YES;
				CLANG_WARN_OBJC_ROOT_CLASS = YES_ERROR;
				CLANG_WARN_QUOTED_INCLUDE_IN_FRAMEWORK_HEADER = YES;
				CLANG_WARN_RANGE_LOOP_ANALYSIS = YES;
				CLANG_WARN_STRICT_PROTOTYPES = YES;
				CLANG_WARN_SUSPICIOUS_MOVE = YES;
				CLANG_WARN_UNGUARDED_AVAILABILITY = YES_AGGRESSIVE;
				CLANG_WARN_UNREACHABLE_CODE = YES;
				CLANG_WARN__DUPLICATE_METHOD_MATCH = YES;
				COPY_PHASE_STRIP = NO;
				DEBUG_INFORMATION_FORMAT = "dwarf-with-dsym";
				ENABLE_NS_ASSERTIONS = NO;
				ENABLE_STRICT_OBJC_MSGSEND = YES;
				GCC_C_LANGUAGE_STANDARD = gnu11;
				GCC_NO_COMMON_BLOCKS = YES;
				GCC_WARN_64_TO_32_BIT_CONVERSION = YES;
				GCC_WARN_ABOUT_RETURN_TYPE = YES_ERROR;
				GCC_WARN_UNDECLARED_SELECTOR = YES;
				GCC_WARN_UNINITIALIZED_AUTOS = YES_AGGRESSIVE;
				GCC_WARN_UNUSED_FUNCTION = YES;
				GCC_WARN_UNUSED_VARIABLE = YES;
				IPHONEOS_DEPLOYMENT_TARGET = 14.3;
				MTL_ENABLE_DEBUG_INFO = NO;
				MTL_FAST_MATH = YES;
				SDKROOT = iphoneos;
				SWIFT_COMPILATION_MODE = wholemodule;
				SWIFT_OPTIMIZATION_LEVEL = "-O";
				VALIDATE_PRODUCT = YES;
			};
			name = Release;
		};
		746725E125AC8BC50021AFEA /* Debug */ = {
			isa = XCBuildConfiguration;
			buildSettings = {
				ASSETCATALOG_COMPILER_APPICON_NAME = AppIcon;
				ASSETCATALOG_COMPILER_GLOBAL_ACCENT_COLOR_NAME = AccentColor;
				CODE_SIGN_STYLE = Automatic;
				DEVELOPMENT_TEAM = 5GJJUP479Z;
				INFOPLIST_FILE = AutoCapture/Info.plist;
				LD_RUNPATH_SEARCH_PATHS = (
					"$(inherited)",
					"@executable_path/Frameworks",
				);
				PRODUCT_BUNDLE_IDENTIFIER = ca.viinc.eReceiptPro.test.sandbox.AutoCapture;
				PRODUCT_NAME = "$(TARGET_NAME)";
				SWIFT_VERSION = 5.0;
				TARGETED_DEVICE_FAMILY = "1,2";
			};
			name = Debug;
		};
		746725E225AC8BC50021AFEA /* Release */ = {
			isa = XCBuildConfiguration;
			buildSettings = {
				ASSETCATALOG_COMPILER_APPICON_NAME = AppIcon;
				ASSETCATALOG_COMPILER_GLOBAL_ACCENT_COLOR_NAME = AccentColor;
				CODE_SIGN_STYLE = Automatic;
				DEVELOPMENT_TEAM = 5GJJUP479Z;
				INFOPLIST_FILE = AutoCapture/Info.plist;
				LD_RUNPATH_SEARCH_PATHS = (
					"$(inherited)",
					"@executable_path/Frameworks",
				);
				PRODUCT_BUNDLE_IDENTIFIER = ca.viinc.eReceiptPro.test.sandbox.AutoCapture;
				PRODUCT_NAME = "$(TARGET_NAME)";
				SWIFT_VERSION = 5.0;
				TARGETED_DEVICE_FAMILY = "1,2";
			};
			name = Release;
		};
/* End XCBuildConfiguration section */

/* Begin XCConfigurationList section */
		746725C725AC8BBF0021AFEA /* Build configuration list for PBXProject "AutoCapture" */ = {
			isa = XCConfigurationList;
			buildConfigurations = (
				746725DE25AC8BC50021AFEA /* Debug */,
				746725DF25AC8BC50021AFEA /* Release */,
			);
			defaultConfigurationIsVisible = 0;
			defaultConfigurationName = Release;
		};
		746725E025AC8BC50021AFEA /* Build configuration list for PBXNativeTarget "AutoCapture" */ = {
			isa = XCConfigurationList;
			buildConfigurations = (
				746725E125AC8BC50021AFEA /* Debug */,
				746725E225AC8BC50021AFEA /* Release */,
			);
			defaultConfigurationIsVisible = 0;
			defaultConfigurationName = Release;
		};
/* End XCConfigurationList section */
	};
	rootObject = 746725C425AC8BBF0021AFEA /* Project object */;
}
